
Microsoft Visual Studio Solution File, Format Version 12.00
# Visual Studio 2012
Project("{FAE04EC0-301F-11D3-BF4B-00C04F79EFBC}") = "stikkPop", "stikkPop.csproj", "{31ACB70E-E01A-4005-B84B-124D89FC07DE}"
EndProject
Global
	GlobalSection(SolutionConfigurationPlatforms) = preSolution
		Debug|Any CPU = Debug|Any CPU
		Release|Any CPU = Release|Any CPU
	EndGlobalSection
	GlobalSection(ProjectConfigurationPlatforms) = postSolution
		{31ACB70E-E01A-4005-B84B-124D89FC07DE}.Debug|Any CPU.ActiveCfg = Debug|Any CPU
		{31ACB70E-E01A-4005-B84B-124D89FC07DE}.Debug|Any CPU.Build.0 = Debug|Any CPU
		{31ACB70E-E01A-4005-B84B-124D89FC07DE}.Release|Any CPU.ActiveCfg = Release|Any CPU
		{31ACB70E-E01A-4005-B84B-124D89FC07DE}.Release|Any CPU.Build.0 = Release|Any CPU
	EndGlobalSection
	GlobalSection(SolutionProperties) = preSolution
		HideSolutionNode = FALSE
	EndGlobalSection
EndGlobal
